
Microsoft Visual Studio Solution File, Format Version 12.00
# Visual Studio Version 16
VisualStudioVersion = 16.0.31129.286
MinimumVisualStudioVersion = 10.0.40219.1
Project("{FAE04EC0-301F-11D3-BF4B-00C04F79EFBC}") = "TgBot", "TgBot\TgBot.csproj", "{AC683A44-3E6C-4A8E-AF37-276374498D82}"
EndProject
Global
	GlobalSection(SolutionConfigurationPlatforms) = preSolution
		Debug|Any CPU = Debug|Any CPU
		Release|Any CPU = Release|Any CPU
	EndGlobalSection
	GlobalSection(ProjectConfigurationPlatforms) = postSolution
		{AC683A44-3E6C-4A8E-AF37-276374498D82}.Debug|Any CPU.ActiveCfg = Debug|Any CPU
		{AC683A44-3E6C-4A8E-AF37-276374498D82}.Debug|Any CPU.Build.0 = Debug|Any CPU
		{AC683A44-3E6C-4A8E-AF37-276374498D82}.Release|Any CPU.ActiveCfg = Release|Any CPU
		{AC683A44-3E6C-4A8E-AF37-276374498D82}.Release|Any CPU.Build.0 = Release|Any CPU
	EndGlobalSection
	GlobalSection(SolutionProperties) = preSolution
		HideSolutionNode = FALSE
	EndGlobalSection
	GlobalSection(ExtensibilityGlobals) = postSolution
		SolutionGuid = {0659BFE6-F742-4962-9995-E3D81AE5D1B9}
	EndGlobalSection
EndGlobal
